
Microsoft Visual Studio Solution File, Format Version 12.00
# Visual Studio Version 17
VisualStudioVersion = 17.4.33122.133
MinimumVisualStudioVersion = 10.0.40219.1
Project("{9A19103F-16F7-4668-BE54-9A1E7A4F7556}") = "FunWithSerialization", "FunWithSerialization.csproj", "{822B5F4E-2C46-4DDF-8161-AB8E9EDE582F}"
EndProject
Global
	GlobalSection(SolutionConfigurationPlatforms) = preSolution
		Debug|Any CPU = Debug|Any CPU
		Release|Any CPU = Release|Any CPU
	EndGlobalSection
	GlobalSection(ProjectConfigurationPlatforms) = postSolution
		{822B5F4E-2C46-4DDF-8161-AB8E9EDE582F}.Debug|Any CPU.ActiveCfg = Debug|Any CPU
		{822B5F4E-2C46-4DDF-8161-AB8E9EDE582F}.Debug|Any CPU.Build.0 = Debug|Any CPU
		{822B5F4E-2C46-4DDF-8161-AB8E9EDE582F}.Release|Any CPU.ActiveCfg = Release|Any CPU
		{822B5F4E-2C46-4DDF-8161-AB8E9EDE582F}.Release|Any CPU.Build.0 = Release|Any CPU
	EndGlobalSection
	GlobalSection(SolutionProperties) = preSolution
		HideSolutionNode = FALSE
	EndGlobalSection
	GlobalSection(ExtensibilityGlobals) = postSolution
		SolutionGuid = {51BDDFE9-23C2-4268-8B15-C455A9ED47A5}
	EndGlobalSection
EndGlobal
